
Microsoft Visual Studio Solution File, Format Version 12.00
# Visual Studio 14
VisualStudioVersion = 14.0.25420.1
MinimumVisualStudioVersion = 10.0.40219.1
Project("{FAE04EC0-301F-11D3-BF4B-00C04F79EFBC}") = "BLEAdvertiseScanner", "BLEAdvertiseScanner\BLEAdvertiseScanner.csproj", "{AD1E36BA-07E7-4D6E-88AA-93BCF4F19104}"
EndProject
Global
	GlobalSection(SolutionConfigurationPlatforms) = preSolution
		Debug|Any CPU = Debug|Any CPU
		Release|Any CPU = Release|Any CPU
	EndGlobalSection
	GlobalSection(ProjectConfigurationPlatforms) = postSolution
		{AD1E36BA-07E7-4D6E-88AA-93BCF4F19104}.Debug|Any CPU.ActiveCfg = Debug|Any CPU
		{AD1E36BA-07E7-4D6E-88AA-93BCF4F19104}.Debug|Any CPU.Build.0 = Debug|Any CPU
		{AD1E36BA-07E7-4D6E-88AA-93BCF4F19104}.Release|Any CPU.ActiveCfg = Release|Any CPU
		{AD1E36BA-07E7-4D6E-88AA-93BCF4F19104}.Release|Any CPU.Build.0 = Release|Any CPU
	EndGlobalSection
	GlobalSection(SolutionProperties) = preSolution
		HideSolutionNode = FALSE
	EndGlobalSection
EndGlobal
